
Microsoft Visual Studio Solution File, Format Version 12.00
# Visual Studio Version 17
VisualStudioVersion = 17.10.35122.118
MinimumVisualStudioVersion = 10.0.40219.1
Project("{9A19103F-16F7-4668-BE54-9A1E7A4F7556}") = "PasswordStorageApp.WebAPI", "PasswordStorageApp.WebAPI\PasswordStorageApp.WebAPI.csproj", "{AAE99295-F86F-4086-92B5-A838D30CB050}"
EndProject
Project("{9A19103F-16F7-4668-BE54-9A1E7A4F7556}") = "PasswordStorageApp.BlazorClient", "PasswordStorageApp.BlazorClient\PasswordStorageApp.BlazorClient.csproj", "{CE60FFFB-CB3B-45AE-8A04-004B55E7780B}"
EndProject
Project("{9A19103F-16F7-4668-BE54-9A1E7A4F7556}") = "PasswordStorageApp.Domain", "PasswordStorageApp.Domain\PasswordStorageApp.Domain.csproj", "{C149B7D3-1EA5-4E5D-BD4A-124DA3A54257}"
EndProject
Global
	GlobalSection(SolutionConfigurationPlatforms) = preSolution
		Debug|Any CPU = Debug|Any CPU
		Release|Any CPU = Release|Any CPU
	EndGlobalSection
	GlobalSection(ProjectConfigurationPlatforms) = postSolution
		{AAE99295-F86F-4086-92B5-A838D30CB050}.Debug|Any CPU.ActiveCfg = Debug|Any CPU
		{AAE99295-F86F-4086-92B5-A838D30CB050}.Debug|Any CPU.Build.0 = Debug|Any CPU
		{AAE99295-F86F-4086-92B5-A838D30CB050}.Release|Any CPU.ActiveCfg = Release|Any CPU
		{AAE99295-F86F-4086-92B5-A838D30CB050}.Release|Any CPU.Build.0 = Release|Any CPU
		{CE60FFFB-CB3B-45AE-8A04-004B55E7780B}.Debug|Any CPU.ActiveCfg = Debug|Any CPU
		{CE60FFFB-CB3B-45AE-8A04-004B55E7780B}.Debug|Any CPU.Build.0 = Debug|Any CPU
		{CE60FFFB-CB3B-45AE-8A04-004B55E7780B}.Release|Any CPU.ActiveCfg = Release|Any CPU
		{CE60FFFB-CB3B-45AE-8A04-004B55E7780B}.Release|Any CPU.Build.0 = Release|Any CPU
		{C149B7D3-1EA5-4E5D-BD4A-124DA3A54257}.Debug|Any CPU.ActiveCfg = Debug|Any CPU
		{C149B7D3-1EA5-4E5D-BD4A-124DA3A54257}.Debug|Any CPU.Build.0 = Debug|Any CPU
		{C149B7D3-1EA5-4E5D-BD4A-124DA3A54257}.Release|Any CPU.ActiveCfg = Release|Any CPU
		{C149B7D3-1EA5-4E5D-BD4A-124DA3A54257}.Release|Any CPU.Build.0 = Release|Any CPU
	EndGlobalSection
	GlobalSection(SolutionProperties) = preSolution
		HideSolutionNode = FALSE
	EndGlobalSection
	GlobalSection(ExtensibilityGlobals) = postSolution
		SolutionGuid = {335A3B28-BE10-4103-8F9B-9D070240AE90}
	EndGlobalSection
EndGlobal
